
Microsoft Visual Studio Solution File, Format Version 12.00
# Visual Studio 15
Project("{FAE04EC0-301F-11D3-BF4B-00C04F79EFBC}") = "Assignment1", "Assignment1\Assignment1.csproj", "{AB353C5A-5C61-4017-BFE3-74D7062991F7}"
EndProject
Global
	GlobalSection(SolutionConfigurationPlatforms) = preSolution
		Debug|Any CPU = Debug|Any CPU
		Release|Any CPU = Release|Any CPU
	EndGlobalSection
	GlobalSection(ProjectConfigurationPlatforms) = postSolution
		{AB353C5A-5C61-4017-BFE3-74D7062991F7}.Debug|Any CPU.ActiveCfg = Debug|Any CPU
		{AB353C5A-5C61-4017-BFE3-74D7062991F7}.Debug|Any CPU.Build.0 = Debug|Any CPU
		{AB353C5A-5C61-4017-BFE3-74D7062991F7}.Release|Any CPU.ActiveCfg = Release|Any CPU
		{AB353C5A-5C61-4017-BFE3-74D7062991F7}.Release|Any CPU.Build.0 = Release|Any CPU
	EndGlobalSection
EndGlobal
