
Microsoft Visual Studio Solution File, Format Version 12.00
# Visual Studio 15
Project("{FAE04EC0-301F-11D3-BF4B-00C04F79EFBC}") = "NewAssignment2", "NewAssignment2\NewAssignment2.csproj", "{1067FB0B-EDDE-46C2-8E13-8B87AB95626F}"
EndProject
Global
	GlobalSection(SolutionConfigurationPlatforms) = preSolution
		Debug|Any CPU = Debug|Any CPU
		Release|Any CPU = Release|Any CPU
	EndGlobalSection
	GlobalSection(ProjectConfigurationPlatforms) = postSolution
		{1067FB0B-EDDE-46C2-8E13-8B87AB95626F}.Debug|Any CPU.ActiveCfg = Debug|Any CPU
		{1067FB0B-EDDE-46C2-8E13-8B87AB95626F}.Debug|Any CPU.Build.0 = Debug|Any CPU
		{1067FB0B-EDDE-46C2-8E13-8B87AB95626F}.Release|Any CPU.ActiveCfg = Release|Any CPU
		{1067FB0B-EDDE-46C2-8E13-8B87AB95626F}.Release|Any CPU.Build.0 = Release|Any CPU
	EndGlobalSection
EndGlobal
